
Microsoft Visual Studio Solution File, Format Version 12.00
# Visual Studio Version 17
VisualStudioVersion = 17.7.34031.279
MinimumVisualStudioVersion = 10.0.40219.1
Project("{FAE04EC0-301F-11D3-BF4B-00C04F79EFBC}") = "pianino100", "pianino100\pianino100.csproj", "{F32A12C9-9B1F-479B-B5F3-08C77D3D5886}"
EndProject
Global
	GlobalSection(SolutionConfigurationPlatforms) = preSolution
		Debug|Any CPU = Debug|Any CPU
		Release|Any CPU = Release|Any CPU
	EndGlobalSection
	GlobalSection(ProjectConfigurationPlatforms) = postSolution
		{F32A12C9-9B1F-479B-B5F3-08C77D3D5886}.Debug|Any CPU.ActiveCfg = Debug|Any CPU
		{F32A12C9-9B1F-479B-B5F3-08C77D3D5886}.Debug|Any CPU.Build.0 = Debug|Any CPU
		{F32A12C9-9B1F-479B-B5F3-08C77D3D5886}.Release|Any CPU.ActiveCfg = Release|Any CPU
		{F32A12C9-9B1F-479B-B5F3-08C77D3D5886}.Release|Any CPU.Build.0 = Release|Any CPU
	EndGlobalSection
	GlobalSection(SolutionProperties) = preSolution
		HideSolutionNode = FALSE
	EndGlobalSection
	GlobalSection(ExtensibilityGlobals) = postSolution
		SolutionGuid = {EEB6D6F5-A7F3-4B0D-967D-005273C98C6A}
	EndGlobalSection
EndGlobal
